// !$*UTF8*$!
{
	archiveVersion = 1;
	classes = {
	};
	objectVersion = 55;
	objects = {

/* Begin PBXBuildFile section */
		C1703983293EE3A100B04E74 /* HudView.swift in Sources */ = {isa = PBXBuildFile; fileRef = C1703982293EE3A000B04E74 /* HudView.swift */; };
		C1703985293EE3EE00B04E74 /* Functions.swift in Sources */ = {isa = PBXBuildFile; fileRef = C1703984293EE3ED00B04E74 /* Functions.swift */; };
		C170398829413D2100B04E74 /* FavoritePokemons.xcdatamodeld in Sources */ = {isa = PBXBuildFile; fileRef = C170398629413D2000B04E74 /* FavoritePokemons.xcdatamodeld */; };
		C170398B29413E3400B04E74 /* Pokemons+CoreDataClass.swift in Sources */ = {isa = PBXBuildFile; fileRef = C170398929413E3300B04E74 /* Pokemons+CoreDataClass.swift */; };
		C170398C29413E3400B04E74 /* Pokemons+CoreDataProperties.swift in Sources */ = {isa = PBXBuildFile; fileRef = C170398A29413E3400B04E74 /* Pokemons+CoreDataProperties.swift */; };
		C170398E29441FCD00B04E74 /* String+FormatText.swift in Sources */ = {isa = PBXBuildFile; fileRef = C170398D29441FCD00B04E74 /* String+FormatText.swift */; };
		C170399C29498A9700B04E74 /* FavoritesViewController.swift in Sources */ = {isa = PBXBuildFile; fileRef = C170399B29498A9600B04E74 /* FavoritesViewController.swift */; };
		C1B6F5B429342C89006059CB /* PokedexViewController.swift in Sources */ = {isa = PBXBuildFile; fileRef = C1B6F5B329342C89006059CB /* PokedexViewController.swift */; };
		C1B6F5B629346C09006059CB /* ChecklistViewController.swift in Sources */ = {isa = PBXBuildFile; fileRef = C1B6F5B529346C08006059CB /* ChecklistViewController.swift */; };
		C1DEA829292B166D007CEE60 /* SearchResultCell.xib in Resources */ = {isa = PBXBuildFile; fileRef = C1DEA822292B166D007CEE60 /* SearchResultCell.xib */; };
		C1DEA82A292B166D007CEE60 /* NothingFoundCell.xib in Resources */ = {isa = PBXBuildFile; fileRef = C1DEA823292B166D007CEE60 /* NothingFoundCell.xib */; };
		C1DEA82C292B166E007CEE60 /* UIImageView+DownloadImage.swift in Sources */ = {isa = PBXBuildFile; fileRef = C1DEA825292B166D007CEE60 /* UIImageView+DownloadImage.swift */; };
		C1DEA82E292B166E007CEE60 /* LoadingCell.xib in Resources */ = {isa = PBXBuildFile; fileRef = C1DEA827292B166D007CEE60 /* LoadingCell.xib */; };
		C1DEA82F292B166E007CEE60 /* SearchResult.swift in Sources */ = {isa = PBXBuildFile; fileRef = C1DEA828292B166D007CEE60 /* SearchResult.swift */; };
		DD56F7092699D9AE00F3E76D /* ItemDetailViewController.swift in Sources */ = {isa = PBXBuildFile; fileRef = DD56F7082699D9AE00F3E76D /* ItemDetailViewController.swift */; };
		DD56F70B269B710400F3E76D /* AllListsViewController.swift in Sources */ = {isa = PBXBuildFile; fileRef = DD56F70A269B710400F3E76D /* AllListsViewController.swift */; };
		DD56F70D269B798900F3E76D /* Checklist.swift in Sources */ = {isa = PBXBuildFile; fileRef = DD56F70C269B798900F3E76D /* Checklist.swift */; };
		DD56F70F269B871A00F3E76D /* ListDetailViewController.swift in Sources */ = {isa = PBXBuildFile; fileRef = DD56F70E269B871A00F3E76D /* ListDetailViewController.swift */; };
		DD5C6D3026A2EA2C0033009C /* DataModel.swift in Sources */ = {isa = PBXBuildFile; fileRef = DD5C6D2F26A2EA2C0033009C /* DataModel.swift */; };
		DDD51AF32698AE89001193A1 /* AppDelegate.swift in Sources */ = {isa = PBXBuildFile; fileRef = DDD51AF22698AE89001193A1 /* AppDelegate.swift */; };
		DDD51AF52698AE89001193A1 /* SceneDelegate.swift in Sources */ = {isa = PBXBuildFile; fileRef = DDD51AF42698AE89001193A1 /* SceneDelegate.swift */; };
		DDD51AFA2698AE89001193A1 /* Main.storyboard in Resources */ = {isa = PBXBuildFile; fileRef = DDD51AF82698AE89001193A1 /* Main.storyboard */; };
		DDD51AFC2698AE8B001193A1 /* Assets.xcassets in Resources */ = {isa = PBXBuildFile; fileRef = DDD51AFB2698AE8B001193A1 /* Assets.xcassets */; };
		DDD51AFF2698AE8B001193A1 /* LaunchScreen.storyboard in Resources */ = {isa = PBXBuildFile; fileRef = DDD51AFD2698AE8B001193A1 /* LaunchScreen.storyboard */; };
		DDD51B092699B2CE001193A1 /* ChecklistItem.swift in Sources */ = {isa = PBXBuildFile; fileRef = DDD51B082699B2CE001193A1 /* ChecklistItem.swift */; };
/* End PBXBuildFile section */

/* Begin PBXFileReference section */
		C1703982293EE3A000B04E74 /* HudView.swift */ = {isa = PBXFileReference; fileEncoding = 4; lastKnownFileType = sourcecode.swift; path = HudView.swift; sourceTree = "<group>"; };
		C1703984293EE3ED00B04E74 /* Functions.swift */ = {isa = PBXFileReference; fileEncoding = 4; lastKnownFileType = sourcecode.swift; path = Functions.swift; sourceTree = "<group>"; };
		C170398729413D2100B04E74 /* FavoritePokemons.xcdatamodel */ = {isa = PBXFileReference; lastKnownFileType = wrapper.xcdatamodel; path = FavoritePokemons.xcdatamodel; sourceTree = "<group>"; };
		C170398929413E3300B04E74 /* Pokemons+CoreDataClass.swift */ = {isa = PBXFileReference; lastKnownFileType = sourcecode.swift; path = "Pokemons+CoreDataClass.swift"; sourceTree = "<group>"; };
		C170398A29413E3400B04E74 /* Pokemons+CoreDataProperties.swift */ = {isa = PBXFileReference; lastKnownFileType = sourcecode.swift; path = "Pokemons+CoreDataProperties.swift"; sourceTree = "<group>"; };
		C170398D29441FCD00B04E74 /* String+FormatText.swift */ = {isa = PBXFileReference; lastKnownFileType = sourcecode.swift; path = "String+FormatText.swift"; sourceTree = "<group>"; };
		C170399B29498A9600B04E74 /* FavoritesViewController.swift */ = {isa = PBXFileReference; lastKnownFileType = sourcecode.swift; path = FavoritesViewController.swift; sourceTree = "<group>"; };
		C1B6F5B329342C89006059CB /* PokedexViewController.swift */ = {isa = PBXFileReference; lastKnownFileType = sourcecode.swift; path = PokedexViewController.swift; sourceTree = "<group>"; };
		C1B6F5B529346C08006059CB /* ChecklistViewController.swift */ = {isa = PBXFileReference; fileEncoding = 4; lastKnownFileType = sourcecode.swift; path = ChecklistViewController.swift; sourceTree = "<group>"; };
		C1DEA822292B166D007CEE60 /* SearchResultCell.xib */ = {isa = PBXFileReference; fileEncoding = 4; lastKnownFileType = file.xib; path = SearchResultCell.xib; sourceTree = "<group>"; };
		C1DEA823292B166D007CEE60 /* NothingFoundCell.xib */ = {isa = PBXFileReference; fileEncoding = 4; lastKnownFileType = file.xib; path = NothingFoundCell.xib; sourceTree = "<group>"; };
		C1DEA825292B166D007CEE60 /* UIImageView+DownloadImage.swift */ = {isa = PBXFileReference; fileEncoding = 4; lastKnownFileType = sourcecode.swift; path = "UIImageView+DownloadImage.swift"; sourceTree = "<group>"; };
		C1DEA827292B166D007CEE60 /* LoadingCell.xib */ = {isa = PBXFileReference; fileEncoding = 4; lastKnownFileType = file.xib; path = LoadingCell.xib; sourceTree = "<group>"; };
		C1DEA828292B166D007CEE60 /* SearchResult.swift */ = {isa = PBXFileReference; fileEncoding = 4; lastKnownFileType = sourcecode.swift; path = SearchResult.swift; sourceTree = "<group>"; };
		DD56F7082699D9AE00F3E76D /* ItemDetailViewController.swift */ = {isa = PBXFileReference; lastKnownFileType = sourcecode.swift; path = ItemDetailViewController.swift; sourceTree = "<group>"; };
		DD56F70A269B710400F3E76D /* AllListsViewController.swift */ = {isa = PBXFileReference; lastKnownFileType = sourcecode.swift; path = AllListsViewController.swift; sourceTree = "<group>"; };
		DD56F70C269B798900F3E76D /* Checklist.swift */ = {isa = PBXFileReference; lastKnownFileType = sourcecode.swift; path = Checklist.swift; sourceTree = "<group>"; };
		DD56F70E269B871A00F3E76D /* ListDetailViewController.swift */ = {isa = PBXFileReference; lastKnownFileType = sourcecode.swift; path = ListDetailViewController.swift; sourceTree = "<group>"; };
		DD5C6D2F26A2EA2C0033009C /* DataModel.swift */ = {isa = PBXFileReference; lastKnownFileType = sourcecode.swift; path = DataModel.swift; sourceTree = "<group>"; };
		DDD51AEF2698AE89001193A1 /* Checklists.app */ = {isa = PBXFileReference; explicitFileType = wrapper.application; includeInIndex = 0; path = Checklists.app; sourceTree = BUILT_PRODUCTS_DIR; };
		DDD51AF22698AE89001193A1 /* AppDelegate.swift */ = {isa = PBXFileReference; lastKnownFileType = sourcecode.swift; path = AppDelegate.swift; sourceTree = "<group>"; };
		DDD51AF42698AE89001193A1 /* SceneDelegate.swift */ = {isa = PBXFileReference; lastKnownFileType = sourcecode.swift; path = SceneDelegate.swift; sourceTree = "<group>"; };
		DDD51AF92698AE89001193A1 /* Base */ = {isa = PBXFileReference; lastKnownFileType = file.storyboard; name = Base; path = Base.lproj/Main.storyboard; sourceTree = "<group>"; };
		DDD51AFB2698AE8B001193A1 /* Assets.xcassets */ = {isa = PBXFileReference; lastKnownFileType = folder.assetcatalog; path = Assets.xcassets; sourceTree = "<group>"; };
		DDD51AFE2698AE8B001193A1 /* Base */ = {isa = PBXFileReference; lastKnownFileType = file.storyboard; name = Base; path = Base.lproj/LaunchScreen.storyboard; sourceTree = "<group>"; };
		DDD51B002698AE8B001193A1 /* Info.plist */ = {isa = PBXFileReference; lastKnownFileType = text.plist.xml; path = Info.plist; sourceTree = "<group>"; };
		DDD51B082699B2CE001193A1 /* ChecklistItem.swift */ = {isa = PBXFileReference; lastKnownFileType = sourcecode.swift; path = ChecklistItem.swift; sourceTree = "<group>"; };
/* End PBXFileReference section */

/* Begin PBXFrameworksBuildPhase section */
		DDD51AEC2698AE89001193A1 /* Frameworks */ = {
			isa = PBXFrameworksBuildPhase;
			buildActionMask = 2147483647;
			files = (
			);
			runOnlyForDeploymentPostprocessing = 0;
		};
/* End PBXFrameworksBuildPhase section */

/* Begin PBXGroup section */
		DD5C6D3126A2F7BD0033009C /* Data Models */ = {
			isa = PBXGroup;
			children = (
				DD56F70C269B798900F3E76D /* Checklist.swift */,
				DDD51B082699B2CE001193A1 /* ChecklistItem.swift */,
				DD5C6D2F26A2EA2C0033009C /* DataModel.swift */,
				C1DEA828292B166D007CEE60 /* SearchResult.swift */,
				C1703984293EE3ED00B04E74 /* Functions.swift */,
				C1703982293EE3A000B04E74 /* HudView.swift */,
				C170398D29441FCD00B04E74 /* String+FormatText.swift */,
			);
			path = "Data Models";
			sourceTree = "<group>";
		};
		DD5C6D3226A2F7C50033009C /* View Controllers */ = {
			isa = PBXGroup;
			children = (
				DD56F7082699D9AE00F3E76D /* ItemDetailViewController.swift */,
				C1B6F5B529346C08006059CB /* ChecklistViewController.swift */,
				C1B6F5B329342C89006059CB /* PokedexViewController.swift */,
				C1DEA825292B166D007CEE60 /* UIImageView+DownloadImage.swift */,
				DD56F70E269B871A00F3E76D /* ListDetailViewController.swift */,
				DD56F70A269B710400F3E76D /* AllListsViewController.swift */,
				C170399B29498A9600B04E74 /* FavoritesViewController.swift */,
				DD5C6D3326A2F7D20033009C /* Resources */,
			);
			path = "View Controllers";
			sourceTree = "<group>";
		};
		DD5C6D3326A2F7D20033009C /* Resources */ = {
			isa = PBXGroup;
			children = (
				DDD51AFB2698AE8B001193A1 /* Assets.xcassets */,
				C1DEA823292B166D007CEE60 /* NothingFoundCell.xib */,
				C1DEA822292B166D007CEE60 /* SearchResultCell.xib */,
				C1DEA827292B166D007CEE60 /* LoadingCell.xib */,
				DDD51AFD2698AE8B001193A1 /* LaunchScreen.storyboard */,
				DDD51AF82698AE89001193A1 /* Main.storyboard */,
			);
			path = Resources;
			sourceTree = "<group>";
		};
		DDD51AE62698AE89001193A1 = {
			isa = PBXGroup;
			children = (
				C170398929413E3300B04E74 /* Pokemons+CoreDataClass.swift */,
				C170398A29413E3400B04E74 /* Pokemons+CoreDataProperties.swift */,
				DDD51AF12698AE89001193A1 /* Checklists */,
				DDD51AF02698AE89001193A1 /* Products */,
			);
			indentWidth = 2;
			sourceTree = "<group>";
			tabWidth = 2;
		};
		DDD51AF02698AE89001193A1 /* Products */ = {
			isa = PBXGroup;
			children = (
				DDD51AEF2698AE89001193A1 /* Checklists.app */,
			);
			name = Products;
			sourceTree = "<group>";
		};
		DDD51AF12698AE89001193A1 /* Checklists */ = {
			isa = PBXGroup;
			children = (
				DD5C6D3126A2F7BD0033009C /* Data Models */,
				DD5C6D3226A2F7C50033009C /* View Controllers */,
				DDD51AF22698AE89001193A1 /* AppDelegate.swift */,
				DDD51B002698AE8B001193A1 /* Info.plist */,
				DDD51AF42698AE89001193A1 /* SceneDelegate.swift */,
				C170398629413D2000B04E74 /* FavoritePokemons.xcdatamodeld */,
			);
			path = Checklists;
			sourceTree = "<group>";
		};
/* End PBXGroup section */

/* Begin PBXNativeTarget section */
		DDD51AEE2698AE89001193A1 /* Checklists */ = {
			isa = PBXNativeTarget;
			buildConfigurationList = DDD51B032698AE8B001193A1 /* Build configuration list for PBXNativeTarget "Checklists" */;
			buildPhases = (
				DDD51AEB2698AE89001193A1 /* Sources */,
				DDD51AEC2698AE89001193A1 /* Frameworks */,
				DDD51AED2698AE89001193A1 /* Resources */,
			);
			buildRules = (
			);
			dependencies = (
			);
			name = Checklists;
			productName = Checklists;
			productReference = DDD51AEF2698AE89001193A1 /* Checklists.app */;
			productType = "com.apple.product-type.application";
		};
/* End PBXNativeTarget section */

/* Begin PBXProject section */
		DDD51AE72698AE89001193A1 /* Project object */ = {
			isa = PBXProject;
			attributes = {
				BuildIndependentTargetsInParallel = 1;
				LastSwiftUpdateCheck = 1300;
				LastUpgradeCheck = 1300;
				TargetAttributes = {
					DDD51AEE2698AE89001193A1 = {
						CreatedOnToolsVersion = 13.0;
					};
				};
			};
			buildConfigurationList = DDD51AEA2698AE89001193A1 /* Build configuration list for PBXProject "Checklists" */;
			compatibilityVersion = "Xcode 13.0";
			developmentRegion = en;
			hasScannedForEncodings = 0;
			knownRegions = (
				en,
				Base,
			);
			mainGroup = DDD51AE62698AE89001193A1;
			productRefGroup = DDD51AF02698AE89001193A1 /* Products */;
			projectDirPath = "";
			projectRoot = "";
			targets = (
				DDD51AEE2698AE89001193A1 /* Checklists */,
			);
		};
/* End PBXProject section */

/* Begin PBXResourcesBuildPhase section */
		DDD51AED2698AE89001193A1 /* Resources */ = {
			isa = PBXResourcesBuildPhase;
			buildActionMask = 2147483647;
			files = (
				DDD51AFF2698AE8B001193A1 /* LaunchScreen.storyboard in Resources */,
				DDD51AFC2698AE8B001193A1 /* Assets.xcassets in Resources */,
				C1DEA82E292B166E007CEE60 /* LoadingCell.xib in Resources */,
				C1DEA829292B166D007CEE60 /* SearchResultCell.xib in Resources */,
				C1DEA82A292B166D007CEE60 /* NothingFoundCell.xib in Resources */,
				DDD51AFA2698AE89001193A1 /* Main.storyboard in Resources */,
			);
			runOnlyForDeploymentPostprocessing = 0;
		};
/* End PBXResourcesBuildPhase section */

/* Begin PBXSourcesBuildPhase section */
		DDD51AEB2698AE89001193A1 /* Sources */ = {
			isa = PBXSourcesBuildPhase;
			buildActionMask = 2147483647;
			files = (
				C170398E29441FCD00B04E74 /* String+FormatText.swift in Sources */,
				DD56F7092699D9AE00F3E76D /* ItemDetailViewController.swift in Sources */,
				DD56F70B269B710400F3E76D /* AllListsViewController.swift in Sources */,
				DDD51AF32698AE89001193A1 /* AppDelegate.swift in Sources */,
				C1703985293EE3EE00B04E74 /* Functions.swift in Sources */,
				DDD51AF52698AE89001193A1 /* SceneDelegate.swift in Sources */,
				C170398C29413E3400B04E74 /* Pokemons+CoreDataProperties.swift in Sources */,
				C170398829413D2100B04E74 /* FavoritePokemons.xcdatamodeld in Sources */,
				C1DEA82F292B166E007CEE60 /* SearchResult.swift in Sources */,
				C170398B29413E3400B04E74 /* Pokemons+CoreDataClass.swift in Sources */,
				C170399C29498A9700B04E74 /* FavoritesViewController.swift in Sources */,
				DDD51B092699B2CE001193A1 /* ChecklistItem.swift in Sources */,
				DD56F70D269B798900F3E76D /* Checklist.swift in Sources */,
				DD56F70F269B871A00F3E76D /* ListDetailViewController.swift in Sources */,
				DD5C6D3026A2EA2C0033009C /* DataModel.swift in Sources */,
				C1DEA82C292B166E007CEE60 /* UIImageView+DownloadImage.swift in Sources */,
				C1B6F5B629346C09006059CB /* ChecklistViewController.swift in Sources */,
				C1B6F5B429342C89006059CB /* PokedexViewController.swift in Sources */,
				C1703983293EE3A100B04E74 /* HudView.swift in Sources */,
			);
			runOnlyForDeploymentPostprocessing = 0;
		};
/* End PBXSourcesBuildPhase section */

/* Begin PBXVariantGroup section */
		DDD51AF82698AE89001193A1 /* Main.storyboard */ = {
			isa = PBXVariantGroup;
			children = (
				DDD51AF92698AE89001193A1 /* Base */,
			);
			name = Main.storyboard;
			sourceTree = "<group>";
		};
		DDD51AFD2698AE8B001193A1 /* LaunchScreen.storyboard */ = {
			isa = PBXVariantGroup;
			children = (
				DDD51AFE2698AE8B001193A1 /* Base */,
			);
			name = LaunchScreen.storyboard;
			sourceTree = "<group>";
		};
/* End PBXVariantGroup section */

/* Begin XCBuildConfiguration section */
		DDD51B012698AE8B001193A1 /* Debug */ = {
			isa = XCBuildConfiguration;
			buildSettings = {
				ALWAYS_SEARCH_USER_PATHS = NO;
				CLANG_ANALYZER_NONNULL = YES;
				CLANG_ANALYZER_NUMBER_OBJECT_CONVERSION = YES_AGGRESSIVE;
				CLANG_CXX_LANGUAGE_STANDARD = "gnu++14";
				CLANG_CXX_LIBRARY = "libc++";
				CLANG_ENABLE_MODULES = YES;
				CLANG_ENABLE_OBJC_ARC = YES;
				CLANG_ENABLE_OBJC_WEAK = YES;
				CLANG_WARN_BLOCK_CAPTURE_AUTORELEASING = YES;
				CLANG_WARN_BOOL_CONVERSION = YES;
				CLANG_WARN_COMMA = YES;
				CLANG_WARN_CONSTANT_CONVERSION = YES;
				CLANG_WARN_DEPRECATED_OBJC_IMPLEMENTATIONS = YES;
				CLANG_WARN_DIRECT_OBJC_ISA_USAGE = YES_ERROR;
				CLANG_WARN_DOCUMENTATION_COMMENTS = YES;
				CLANG_WARN_EMPTY_BODY = YES;
				CLANG_WARN_ENUM_CONVERSION = YES;
				CLANG_WARN_INFINITE_RECURSION = YES;
				CLANG_WARN_INT_CONVERSION = YES;
				CLANG_WARN_NON_LITERAL_NULL_CONVERSION = YES;
				CLANG_WARN_OBJC_IMPLICIT_RETAIN_SELF = YES;
				CLANG_WARN_OBJC_LITERAL_CONVERSION = YES;
				CLANG_WARN_OBJC_ROOT_CLASS = YES_ERROR;
				CLANG_WARN_QUOTED_INCLUDE_IN_FRAMEWORK_HEADER = YES;
				CLANG_WARN_RANGE_LOOP_ANALYSIS = YES;
				CLANG_WARN_STRICT_PROTOTYPES = YES;
				CLANG_WARN_SUSPICIOUS_MOVE = YES;
				CLANG_WARN_UNGUARDED_AVAILABILITY = YES_AGGRESSIVE;
				CLANG_WARN_UNREACHABLE_CODE = YES;
				CLANG_WARN__DUPLICATE_METHOD_MATCH = YES;
				COPY_PHASE_STRIP = NO;
				DEBUG_INFORMATION_FORMAT = dwarf;
				ENABLE_STRICT_OBJC_MSGSEND = YES;
				ENABLE_TESTABILITY = YES;
				GCC_C_LANGUAGE_STANDARD = gnu11;
				GCC_DYNAMIC_NO_PIC = NO;
				GCC_NO_COMMON_BLOCKS = YES;
				GCC_OPTIMIZATION_LEVEL = 0;
				GCC_PREPROCESSOR_DEFINITIONS = (
					"DEBUG=1",
					"$(inherited)",
				);
				GCC_WARN_64_TO_32_BIT_CONVERSION = YES;
				GCC_WARN_ABOUT_RETURN_TYPE = YES_ERROR;
				GCC_WARN_UNDECLARED_SELECTOR = YES;
				GCC_WARN_UNINITIALIZED_AUTOS = YES_AGGRESSIVE;
				GCC_WARN_UNUSED_FUNCTION = YES;
				GCC_WARN_UNUSED_VARIABLE = YES;
				IPHONEOS_DEPLOYMENT_TARGET = 15.0;
				MTL_ENABLE_DEBUG_INFO = INCLUDE_SOURCE;
				MTL_FAST_MATH = YES;
				ONLY_ACTIVE_ARCH = YES;
				SDKROOT = iphoneos;
				SWIFT_ACTIVE_COMPILATION_CONDITIONS = DEBUG;
				SWIFT_OPTIMIZATION_LEVEL = "-Onone";
			};
			name = Debug;
		};
		DDD51B022698AE8B001193A1 /* Release */ = {
			isa = XCBuildConfiguration;
			buildSettings = {
				ALWAYS_SEARCH_USER_PATHS = NO;
				CLANG_ANALYZER_NONNULL = YES;
				CLANG_ANALYZER_NUMBER_OBJECT_CONVERSION = YES_AGGRESSIVE;
				CLANG_CXX_LANGUAGE_STANDARD = "gnu++14";
				CLANG_CXX_LIBRARY = "libc++";
				CLANG_ENABLE_MODULES = YES;
				CLANG_ENABLE_OBJC_ARC = YES;
				CLANG_ENABLE_OBJC_WEAK = YES;
				CLANG_WARN_BLOCK_CAPTURE_AUTORELEASING = YES;
				CLANG_WARN_BOOL_CONVERSION = YES;
				CLANG_WARN_COMMA = YES;
				CLANG_WARN_CONSTANT_CONVERSION = YES;
				CLANG_WARN_DEPRECATED_OBJC_IMPLEMENTATIONS = YES;
				CLANG_WARN_DIRECT_OBJC_ISA_USAGE = YES_ERROR;
				CLANG_WARN_DOCUMENTATION_COMMENTS = YES;
				CLANG_WARN_EMPTY_BODY = YES;
				CLANG_WARN_ENUM_CONVERSION = YES;
				CLANG_WARN_INFINITE_RECURSION = YES;
				CLANG_WARN_INT_CONVERSION = YES;
				CLANG_WARN_NON_LITERAL_NULL_CONVERSION = YES;
				CLANG_WARN_OBJC_IMPLICIT_RETAIN_SELF = YES;
				CLANG_WARN_OBJC_LITERAL_CONVERSION = YES;
				CLANG_WARN_OBJC_ROOT_CLASS = YES_ERROR;
				CLANG_WARN_QUOTED_INCLUDE_IN_FRAMEWORK_HEADER = YES;
				CLANG_WARN_RANGE_LOOP_ANALYSIS = YES;
				CLANG_WARN_STRICT_PROTOTYPES = YES;
				CLANG_WARN_SUSPICIOUS_MOVE = YES;
				CLANG_WARN_UNGUARDED_AVAILABILITY = YES_AGGRESSIVE;
				CLANG_WARN_UNREACHABLE_CODE = YES;
				CLANG_WARN__DUPLICATE_METHOD_MATCH = YES;
				COPY_PHASE_STRIP = NO;
				DEBUG_INFORMATION_FORMAT = "dwarf-with-dsym";
				ENABLE_NS_ASSERTIONS = NO;
				ENABLE_STRICT_OBJC_MSGSEND = YES;
				GCC_C_LANGUAGE_STANDARD = gnu11;
				GCC_NO_COMMON_BLOCKS = YES;
				GCC_WARN_64_TO_32_BIT_CONVERSION = YES;
				GCC_WARN_ABOUT_RETURN_TYPE = YES_ERROR;
				GCC_WARN_UNDECLARED_SELECTOR = YES;
				GCC_WARN_UNINITIALIZED_AUTOS = YES_AGGRESSIVE;
				GCC_WARN_UNUSED_FUNCTION = YES;
				GCC_WARN_UNUSED_VARIABLE = YES;
				IPHONEOS_DEPLOYMENT_TARGET = 15.0;
				MTL_ENABLE_DEBUG_INFO = NO;
				MTL_FAST_MATH = YES;
				SDKROOT = iphoneos;
				SWIFT_COMPILATION_MODE = wholemodule;
				SWIFT_OPTIMIZATION_LEVEL = "-O";
				VALIDATE_PRODUCT = YES;
			};
			name = Release;
		};
		DDD51B042698AE8B001193A1 /* Debug */ = {
			isa = XCBuildConfiguration;
			buildSettings = {
				ASSETCATALOG_COMPILER_APPICON_NAME = AppIcon;
				ASSETCATALOG_COMPILER_GLOBAL_ACCENT_COLOR_NAME = AccentColor;
				CODE_SIGN_STYLE = Automatic;
				CURRENT_PROJECT_VERSION = 1;
				GENERATE_INFOPLIST_FILE = YES;
				INFOPLIST_FILE = Checklists/Info.plist;
				INFOPLIST_KEY_CFBundleExecutable = Checklists;
				INFOPLIST_KEY_CFBundleName = Checklists;
				INFOPLIST_KEY_CFBundleVersion = 1;
				INFOPLIST_KEY_UIApplicationSupportsIndirectInputEvents = YES;
				INFOPLIST_KEY_UILaunchStoryboardName = LaunchScreen;
				INFOPLIST_KEY_UIMainStoryboardFile = Main;
				INFOPLIST_KEY_UISupportedInterfaceOrientations = UIInterfaceOrientationPortrait;
				INFOPLIST_KEY_UISupportedInterfaceOrientations_iPad = "UIInterfaceOrientationPortrait UIInterfaceOrientationPortraitUpsideDown UIInterfaceOrientationLandscapeLeft UIInterfaceOrientationLandscapeRight";
				INFOPLIST_KEY_UISupportedInterfaceOrientations_iPhone = "UIInterfaceOrientationPortrait UIInterfaceOrientationLandscapeLeft UIInterfaceOrientationLandscapeRight";
				LD_RUNPATH_SEARCH_PATHS = (
					"$(inherited)",
					"@executable_path/Frameworks",
				);
				MARKETING_VERSION = 1.0;
				PRODUCT_BUNDLE_IDENTIFIER = com.razeware.Checklists;
				PRODUCT_NAME = "$(TARGET_NAME)";
				SWIFT_EMIT_LOC_STRINGS = YES;
				SWIFT_VERSION = 5.0;
				TARGETED_DEVICE_FAMILY = "1,2";
			};
			name = Debug;
		};
		DDD51B052698AE8B001193A1 /* Release */ = {
			isa = XCBuildConfiguration;
			buildSettings = {
				ASSETCATALOG_COMPILER_APPICON_NAME = AppIcon;
				ASSETCATALOG_COMPILER_GLOBAL_ACCENT_COLOR_NAME = AccentColor;
				CODE_SIGN_STYLE = Automatic;
				CURRENT_PROJECT_VERSION = 1;
				GENERATE_INFOPLIST_FILE = YES;
				INFOPLIST_FILE = Checklists/Info.plist;
				INFOPLIST_KEY_CFBundleExecutable = Checklists;
				INFOPLIST_KEY_CFBundleName = Checklists;
				INFOPLIST_KEY_CFBundleVersion = 1;
				INFOPLIST_KEY_UIApplicationSupportsIndirectInputEvents = YES;
				INFOPLIST_KEY_UILaunchStoryboardName = LaunchScreen;
				INFOPLIST_KEY_UIMainStoryboardFile = Main;
				INFOPLIST_KEY_UISupportedInterfaceOrientations = UIInterfaceOrientationPortrait;
				INFOPLIST_KEY_UISupportedInterfaceOrientations_iPad = "UIInterfaceOrientationPortrait UIInterfaceOrientationPortraitUpsideDown UIInterfaceOrientationLandscapeLeft UIInterfaceOrientationLandscapeRight";
				INFOPLIST_KEY_UISupportedInterfaceOrientations_iPhone = "UIInterfaceOrientationPortrait UIInterfaceOrientationLandscapeLeft UIInterfaceOrientationLandscapeRight";
				LD_RUNPATH_SEARCH_PATHS = (
					"$(inherited)",
					"@executable_path/Frameworks",
				);
				MARKETING_VERSION = 1.0;
				PRODUCT_BUNDLE_IDENTIFIER = com.razeware.Checklists;
				PRODUCT_NAME = "$(TARGET_NAME)";
				SWIFT_EMIT_LOC_STRINGS = YES;
				SWIFT_VERSION = 5.0;
				TARGETED_DEVICE_FAMILY = "1,2";
			};
			name = Release;
		};
/* End XCBuildConfiguration section */

/* Begin XCConfigurationList section */
		DDD51AEA2698AE89001193A1 /* Build configuration list for PBXProject "Checklists" */ = {
			isa = XCConfigurationList;
			buildConfigurations = (
				DDD51B012698AE8B001193A1 /* Debug */,
				DDD51B022698AE8B001193A1 /* Release */,
			);
			defaultConfigurationIsVisible = 0;
			defaultConfigurationName = Release;
		};
		DDD51B032698AE8B001193A1 /* Build configuration list for PBXNativeTarget "Checklists" */ = {
			isa = XCConfigurationList;
			buildConfigurations = (
				DDD51B042698AE8B001193A1 /* Debug */,
				DDD51B052698AE8B001193A1 /* Release */,
			);
			defaultConfigurationIsVisible = 0;
			defaultConfigurationName = Release;
		};
/* End XCConfigurationList section */

/* Begin XCVersionGroup section */
		C170398629413D2000B04E74 /* FavoritePokemons.xcdatamodeld */ = {
			isa = XCVersionGroup;
			children = (
				C170398729413D2100B04E74 /* FavoritePokemons.xcdatamodel */,
			);
			currentVersion = C170398729413D2100B04E74 /* FavoritePokemons.xcdatamodel */;
			path = FavoritePokemons.xcdatamodeld;
			sourceTree = "<group>";
			versionGroupType = wrapper.xcdatamodel;
		};
/* End XCVersionGroup section */
	};
	rootObject = DDD51AE72698AE89001193A1 /* Project object */;
}
